PODS:
  - EyePasswordTextField (0.1.0)

DEPENDENCIES:
  - EyePasswordTextField (from `../`)

EXTERNAL SOURCES:
  EyePasswordTextField:
    :path: "../"

SPEC CHECKSUMS:
  EyePasswordTextField: b3e6894f148e294fbbef812e9347acd49f3e1a7a

PODFILE CHECKSUM: 1ad76e9a7ddd72bb4470ff50d46abefab258f74b

COCOAPODS: 1.10.1
